// !$*UTF8*$!
{
	archiveVersion = 1;
	classes = {
	};
	objectVersion = 46;
	objects = {

/* Begin PBXBuildFile section */
		653E2E031D5A4B5300BDA228 /* AppDelegate.swift in Sources */ = {isa = PBXBuildFile; fileRef = 653E2E021D5A4B5300BDA228 /* AppDelegate.swift */; };
		653E2E051D5A4B5300BDA228 /* ViewController.swift in Sources */ = {isa = PBXBuildFile; fileRef = 653E2E041D5A4B5300BDA228 /* ViewController.swift */; };
		653E2E081D5A4B5300BDA228 /* Main.storyboard in Resources */ = {isa = PBXBuildFile; fileRef = 653E2E061D5A4B5300BDA228 /* Main.storyboard */; };
		653E2E0A1D5A4B5300BDA228 /* Assets.xcassets in Resources */ = {isa = PBXBuildFile; fileRef = 653E2E091D5A4B5300BDA228 /* Assets.xcassets */; };
		653E2E0D1D5A4B5300BDA228 /* LaunchScreen.storyboard in Resources */ = {isa = PBXBuildFile; fileRef = 653E2E0B1D5A4B5300BDA228 /* LaunchScreen.storyboard */; };
		653E2E181D5A4B5300BDA228 /* PokeIVTests.swift in Sources */ = {isa = PBXBuildFile; fileRef = 653E2E171D5A4B5300BDA228 /* PokeIVTests.swift */; };
		653E2E231D5A4B5300BDA228 /* PokeIVUITests.swift in Sources */ = {isa = PBXBuildFile; fileRef = 653E2E221D5A4B5300BDA228 /* PokeIVUITests.swift */; };
/* End PBXBuildFile section */

/* Begin PBXContainerItemProxy section */
		653E2E141D5A4B5300BDA228 /* PBXContainerItemProxy */ = {
			isa = PBXContainerItemProxy;
			containerPortal = 653E2DF71D5A4B5300BDA228 /* Project object */;
			proxyType = 1;
			remoteGlobalIDString = 653E2DFE1D5A4B5300BDA228;
			remoteInfo = PokeIV;
		};
		653E2E1F1D5A4B5300BDA228 /* PBXContainerItemProxy */ = {
			isa = PBXContainerItemProxy;
			containerPortal = 653E2DF71D5A4B5300BDA228 /* Project object */;
			proxyType = 1;
			remoteGlobalIDString = 653E2DFE1D5A4B5300BDA228;
			remoteInfo = PokeIV;
		};
/* End PBXContainerItemProxy section */

/* Begin PBXFileReference section */
		653E2DFF1D5A4B5300BDA228 /* PokeIV.app */ = {isa = PBXFileReference; explicitFileType = wrapper.application; includeInIndex = 0; path = PokeIV.app; sourceTree = BUILT_PRODUCTS_DIR; };
		653E2E021D5A4B5300BDA228 /* AppDelegate.swift */ = {isa = PBXFileReference; lastKnownFileType = sourcecode.swift; path = AppDelegate.swift; sourceTree = "<group>"; };
		653E2E041D5A4B5300BDA228 /* ViewController.swift */ = {isa = PBXFileReference; lastKnownFileType = sourcecode.swift; path = ViewController.swift; sourceTree = "<group>"; };
		653E2E071D5A4B5300BDA228 /* Base */ = {isa = PBXFileReference; lastKnownFileType = file.storyboard; name = Base; path = Base.lproj/Main.storyboard; sourceTree = "<group>"; };
		653E2E091D5A4B5300BDA228 /* Assets.xcassets */ = {isa = PBXFileReference; lastKnownFileType = folder.assetcatalog; path = Assets.xcassets; sourceTree = "<group>"; };
		653E2E0C1D5A4B5300BDA228 /* Base */ = {isa = PBXFileReference; lastKnownFileType = file.storyboard; name = Base; path = Base.lproj/LaunchScreen.storyboard; sourceTree = "<group>"; };
		653E2E0E1D5A4B5300BDA228 /* Info.plist */ = {isa = PBXFileReference; lastKnownFileType = text.plist.xml; path = Info.plist; sourceTree = "<group>"; };
		653E2E131D5A4B5300BDA228 /* PokeIVTests.xctest */ = {isa = PBXFileReference; explicitFileType = wrapper.cfbundle; includeInIndex = 0; path = PokeIVTests.xctest; sourceTree = BUILT_PRODUCTS_DIR; };
		653E2E171D5A4B5300BDA228 /* PokeIVTests.swift */ = {isa = PBXFileReference; lastKnownFileType = sourcecode.swift; path = PokeIVTests.swift; sourceTree = "<group>"; };
		653E2E191D5A4B5300BDA228 /* Info.plist */ = {isa = PBXFileReference; lastKnownFileType = text.plist.xml; path = Info.plist; sourceTree = "<group>"; };
		653E2E1E1D5A4B5300BDA228 /* PokeIVUITests.xctest */ = {isa = PBXFileReference; explicitFileType = wrapper.cfbundle; includeInIndex = 0; path = PokeIVUITests.xctest; sourceTree = BUILT_PRODUCTS_DIR; };
		653E2E221D5A4B5300BDA228 /* PokeIVUITests.swift */ = {isa = PBXFileReference; lastKnownFileType = sourcecode.swift; path = PokeIVUITests.swift; sourceTree = "<group>"; };
		653E2E241D5A4B5300BDA228 /* Info.plist */ = {isa = PBXFileReference; lastKnownFileType = text.plist.xml; path = Info.plist; sourceTree = "<group>"; };
/* End PBXFileReference section */

/* Begin PBXFrameworksBuildPhase section */
		653E2DFC1D5A4B5300BDA228 /* Frameworks */ = {
			isa = PBXFrameworksBuildPhase;
			buildActionMask = 2147483647;
			files = (
			);
			runOnlyForDeploymentPostprocessing = 0;
		};
		653E2E101D5A4B5300BDA228 /* Frameworks */ = {
			isa = PBXFrameworksBuildPhase;
			buildActionMask = 2147483647;
			files = (
			);
			runOnlyForDeploymentPostprocessing = 0;
		};
		653E2E1B1D5A4B5300BDA228 /* Frameworks */ = {
			isa = PBXFrameworksBuildPhase;
			buildActionMask = 2147483647;
			files = (
			);
			runOnlyForDeploymentPostprocessing = 0;
		};
/* End PBXFrameworksBuildPhase section */

/* Begin PBXGroup section */
		653E2DF61D5A4B5300BDA228 = {
			isa = PBXGroup;
			children = (
				653E2E011D5A4B5300BDA228 /* PokeIV */,
				653E2E161D5A4B5300BDA228 /* PokeIVTests */,
				653E2E211D5A4B5300BDA228 /* PokeIVUITests */,
				653E2E001D5A4B5300BDA228 /* Products */,
			);
			sourceTree = "<group>";
		};
		653E2E001D5A4B5300BDA228 /* Products */ = {
			isa = PBXGroup;
			children = (
				653E2DFF1D5A4B5300BDA228 /* PokeIV.app */,
				653E2E131D5A4B5300BDA228 /* PokeIVTests.xctest */,
				653E2E1E1D5A4B5300BDA228 /* PokeIVUITests.xctest */,
			);
			name = Products;
			sourceTree = "<group>";
		};
		653E2E011D5A4B5300BDA228 /* PokeIV */ = {
			isa = PBXGroup;
			children = (
				653E2E021D5A4B5300BDA228 /* AppDelegate.swift */,
				653E2E041D5A4B5300BDA228 /* ViewController.swift */,
				653E2E061D5A4B5300BDA228 /* Main.storyboard */,
				653E2E091D5A4B5300BDA228 /* Assets.xcassets */,
				653E2E0B1D5A4B5300BDA228 /* LaunchScreen.storyboard */,
				653E2E0E1D5A4B5300BDA228 /* Info.plist */,
			);
			path = PokeIV;
			sourceTree = "<group>";
		};
		653E2E161D5A4B5300BDA228 /* PokeIVTests */ = {
			isa = PBXGroup;
			children = (
				653E2E171D5A4B5300BDA228 /* PokeIVTests.swift */,
				653E2E191D5A4B5300BDA228 /* Info.plist */,
			);
			path = PokeIVTests;
			sourceTree = "<group>";
		};
		653E2E211D5A4B5300BDA228 /* PokeIVUITests */ = {
			isa = PBXGroup;
			children = (
				653E2E221D5A4B5300BDA228 /* PokeIVUITests.swift */,
				653E2E241D5A4B5300BDA228 /* Info.plist */,
			);
			path = PokeIVUITests;
			sourceTree = "<group>";
		};
/* End PBXGroup section */

/* Begin PBXNativeTarget section */
		653E2DFE1D5A4B5300BDA228 /* PokeIV */ = {
			isa = PBXNativeTarget;
			buildConfigurationList = 653E2E271D5A4B5300BDA228 /* Build configuration list for PBXNativeTarget "PokeIV" */;
			buildPhases = (
				653E2DFB1D5A4B5300BDA228 /* Sources */,
				653E2DFC1D5A4B5300BDA228 /* Frameworks */,
				653E2DFD1D5A4B5300BDA228 /* Resources */,
			);
			buildRules = (
			);
			dependencies = (
			);
			name = PokeIV;
			productName = PokeIV;
			productReference = 653E2DFF1D5A4B5300BDA228 /* PokeIV.app */;
			productType = "com.apple.product-type.application";
		};
		653E2E121D5A4B5300BDA228 /* PokeIVTests */ = {
			isa = PBXNativeTarget;
			buildConfigurationList = 653E2E2A1D5A4B5300BDA228 /* Build configuration list for PBXNativeTarget "PokeIVTests" */;
			buildPhases = (
				653E2E0F1D5A4B5300BDA228 /* Sources */,
				653E2E101D5A4B5300BDA228 /* Frameworks */,
				653E2E111D5A4B5300BDA228 /* Resources */,
			);
			buildRules = (
			);
			dependencies = (
				653E2E151D5A4B5300BDA228 /* PBXTargetDependency */,
			);
			name = PokeIVTests;
			productName = PokeIVTests;
			productReference = 653E2E131D5A4B5300BDA228 /* PokeIVTests.xctest */;
			productType = "com.apple.product-type.bundle.unit-test";
		};
		653E2E1D1D5A4B5300BDA228 /* PokeIVUITests */ = {
			isa = PBXNativeTarget;
			buildConfigurationList = 653E2E2D1D5A4B5300BDA228 /* Build configuration list for PBXNativeTarget "PokeIVUITests" */;
			buildPhases = (
				653E2E1A1D5A4B5300BDA228 /* Sources */,
				653E2E1B1D5A4B5300BDA228 /* Frameworks */,
				653E2E1C1D5A4B5300BDA228 /* Resources */,
			);
			buildRules = (
			);
			dependencies = (
				653E2E201D5A4B5300BDA228 /* PBXTargetDependency */,
			);
			name = PokeIVUITests;
			productName = PokeIVUITests;
			productReference = 653E2E1E1D5A4B5300BDA228 /* PokeIVUITests.xctest */;
			productType = "com.apple.product-type.bundle.ui-testing";
		};
/* End PBXNativeTarget section */

/* Begin PBXProject section */
		653E2DF71D5A4B5300BDA228 /* Project object */ = {
			isa = PBXProject;
			attributes = {
				LastSwiftUpdateCheck = 0730;
				LastUpgradeCheck = 0730;
				ORGANIZATIONNAME = "Daniel Tseng";
				TargetAttributes = {
					653E2DFE1D5A4B5300BDA228 = {
						CreatedOnToolsVersion = 7.3.1;
					};
					653E2E121D5A4B5300BDA228 = {
						CreatedOnToolsVersion = 7.3.1;
						TestTargetID = 653E2DFE1D5A4B5300BDA228;
					};
					653E2E1D1D5A4B5300BDA228 = {
						CreatedOnToolsVersion = 7.3.1;
						TestTargetID = 653E2DFE1D5A4B5300BDA228;
					};
				};
			};
			buildConfigurationList = 653E2DFA1D5A4B5300BDA228 /* Build configuration list for PBXProject "PokeIV" */;
			compatibilityVersion = "Xcode 3.2";
			developmentRegion = English;
			hasScannedForEncodings = 0;
			knownRegions = (
				en,
				Base,
			);
			mainGroup = 653E2DF61D5A4B5300BDA228;
			productRefGroup = 653E2E001D5A4B5300BDA228 /* Products */;
			projectDirPath = "";
			projectRoot = "";
			targets = (
				653E2DFE1D5A4B5300BDA228 /* PokeIV */,
				653E2E121D5A4B5300BDA228 /* PokeIVTests */,
				653E2E1D1D5A4B5300BDA228 /* PokeIVUITests */,
			);
		};
/* End PBXProject section */

/* Begin PBXResourcesBuildPhase section */
		653E2DFD1D5A4B5300BDA228 /* Resources */ = {
			isa = PBXResourcesBuildPhase;
			buildActionMask = 2147483647;
			files = (
				653E2E0D1D5A4B5300BDA228 /* LaunchScreen.storyboard in Resources */,
				653E2E0A1D5A4B5300BDA228 /* Assets.xcassets in Resources */,
				653E2E081D5A4B5300BDA228 /* Main.storyboard in Resources */,
			);
			runOnlyForDeploymentPostprocessing = 0;
		};
		653E2E111D5A4B5300BDA228 /* Resources */ = {
			isa = PBXResourcesBuildPhase;
			buildActionMask = 2147483647;
			files = (
			);
			runOnlyForDeploymentPostprocessing = 0;
		};
		653E2E1C1D5A4B5300BDA228 /* Resources */ = {
			isa = PBXResourcesBuildPhase;
			buildActionMask = 2147483647;
			files = (
			);
			runOnlyForDeploymentPostprocessing = 0;
		};
/* End PBXResourcesBuildPhase section */

/* Begin PBXSourcesBuildPhase section */
		653E2DFB1D5A4B5300BDA228 /* Sources */ = {
			isa = PBXSourcesBuildPhase;
			buildActionMask = 2147483647;
			files = (
				653E2E051D5A4B5300BDA228 /* ViewController.swift in Sources */,
				653E2E031D5A4B5300BDA228 /* AppDelegate.swift in Sources */,
			);
			runOnlyForDeploymentPostprocessing = 0;
		};
		653E2E0F1D5A4B5300BDA228 /* Sources */ = {
			isa = PBXSourcesBuildPhase;
			buildActionMask = 2147483647;
			files = (
				653E2E181D5A4B5300BDA228 /* PokeIVTests.swift in Sources */,
			);
			runOnlyForDeploymentPostprocessing = 0;
		};
		653E2E1A1D5A4B5300BDA228 /* Sources */ = {
			isa = PBXSourcesBuildPhase;
			buildActionMask = 2147483647;
			files = (
				653E2E231D5A4B5300BDA228 /* PokeIVUITests.swift in Sources */,
			);
			runOnlyForDeploymentPostprocessing = 0;
		};
/* End PBXSourcesBuildPhase section */

/* Begin PBXTargetDependency section */
		653E2E151D5A4B5300BDA228 /* PBXTargetDependency */ = {
			isa = PBXTargetDependency;
			target = 653E2DFE1D5A4B5300BDA228 /* PokeIV */;
			targetProxy = 653E2E141D5A4B5300BDA228 /* PBXContainerItemProxy */;
		};
		653E2E201D5A4B5300BDA228 /* PBXTargetDependency */ = {
			isa = PBXTargetDependency;
			target = 653E2DFE1D5A4B5300BDA228 /* PokeIV */;
			targetProxy = 653E2E1F1D5A4B5300BDA228 /* PBXContainerItemProxy */;
		};
/* End PBXTargetDependency section */

/* Begin PBXVariantGroup section */
		653E2E061D5A4B5300BDA228 /* Main.storyboard */ = {
			isa = PBXVariantGroup;
			children = (
				653E2E071D5A4B5300BDA228 /* Base */,
			);
			name = Main.storyboard;
			sourceTree = "<group>";
		};
		653E2E0B1D5A4B5300BDA228 /* LaunchScreen.storyboard */ = {
			isa = PBXVariantGroup;
			children = (
				653E2E0C1D5A4B5300BDA228 /* Base */,
			);
			name = LaunchScreen.storyboard;
			sourceTree = "<group>";
		};
/* End PBXVariantGroup section */

/* Begin XCBuildConfiguration section */
		653E2E251D5A4B5300BDA228 /* Debug */ = {
			isa = XCBuildConfiguration;
			buildSettings = {
				ALWAYS_SEARCH_USER_PATHS = NO;
				CLANG_ANALYZER_NONNULL = YES;
				CLANG_CXX_LANGUAGE_STANDARD = "gnu++0x";
				CLANG_CXX_LIBRARY = "libc++";
				CLANG_ENABLE_MODULES = YES;
				CLANG_ENABLE_OBJC_ARC = YES;
				CLANG_WARN_BOOL_CONVERSION = YES;
				CLANG_WARN_CONSTANT_CONVERSION = YES;
				CLANG_WARN_DIRECT_OBJC_ISA_USAGE = YES_ERROR;
				CLANG_WARN_EMPTY_BODY = YES;
				CLANG_WARN_ENUM_CONVERSION = YES;
				CLANG_WARN_INT_CONVERSION = YES;
				CLANG_WARN_OBJC_ROOT_CLASS = YES_ERROR;
				CLANG_WARN_UNREACHABLE_CODE = YES;
				CLANG_WARN__DUPLICATE_METHOD_MATCH = YES;
				"CODE_SIGN_IDENTITY[sdk=iphoneos*]" = "iPhone Developer";
				COPY_PHASE_STRIP = NO;
				DEBUG_INFORMATION_FORMAT = dwarf;
				ENABLE_STRICT_OBJC_MSGSEND = YES;
				ENABLE_TESTABILITY = YES;
				GCC_C_LANGUAGE_STANDARD = gnu99;
				GCC_DYNAMIC_NO_PIC = NO;
				GCC_NO_COMMON_BLOCKS = YES;
				GCC_OPTIMIZATION_LEVEL = 0;
				GCC_PREPROCESSOR_DEFINITIONS = (
					"DEBUG=1",
					"$(inherited)",
				);
				GCC_WARN_64_TO_32_BIT_CONVERSION = YES;
				GCC_WARN_ABOUT_RETURN_TYPE = YES_ERROR;
				GCC_WARN_UNDECLARED_SELECTOR = YES;
				GCC_WARN_UNINITIALIZED_AUTOS = YES_AGGRESSIVE;
				GCC_WARN_UNUSED_FUNCTION = YES;
				GCC_WARN_UNUSED_VARIABLE = YES;
				IPHONEOS_DEPLOYMENT_TARGET = 9.3;
				MTL_ENABLE_DEBUG_INFO = YES;
				ONLY_ACTIVE_ARCH = YES;
				SDKROOT = iphoneos;
				SWIFT_OPTIMIZATION_LEVEL = "-Onone";
				TARGETED_DEVICE_FAMILY = "1,2";
			};
			name = Debug;
		};
		653E2E261D5A4B5300BDA228 /* Release */ = {
			isa = XCBuildConfiguration;
			buildSettings = {
				ALWAYS_SEARCH_USER_PATHS = NO;
				CLANG_ANALYZER_NONNULL = YES;
				CLANG_CXX_LANGUAGE_STANDARD = "gnu++0x";
				CLANG_CXX_LIBRARY = "libc++";
				CLANG_ENABLE_MODULES = YES;
				CLANG_ENABLE_OBJC_ARC = YES;
				CLANG_WARN_BOOL_CONVERSION = YES;
				CLANG_WARN_CONSTANT_CONVERSION = YES;
				CLANG_WARN_DIRECT_OBJC_ISA_USAGE = YES_ERROR;
				CLANG_WARN_EMPTY_BODY = YES;
				CLANG_WARN_ENUM_CONVERSION = YES;
				CLANG_WARN_INT_CONVERSION = YES;
				CLANG_WARN_OBJC_ROOT_CLASS = YES_ERROR;
				CLANG_WARN_UNREACHABLE_CODE = YES;
				CLANG_WARN__DUPLICATE_METHOD_MATCH = YES;
				"CODE_SIGN_IDENTITY[sdk=iphoneos*]" = "iPhone Developer";
				COPY_PHASE_STRIP = NO;
				DEBUG_INFORMATION_FORMAT = "dwarf-with-dsym";
				ENABLE_NS_ASSERTIONS = NO;
				ENABLE_STRICT_OBJC_MSGSEND = YES;
				GCC_C_LANGUAGE_STANDARD = gnu99;
				GCC_NO_COMMON_BLOCKS = YES;
				GCC_WARN_64_TO_32_BIT_CONVERSION = YES;
				GCC_WARN_ABOUT_RETURN_TYPE = YES_ERROR;
				GCC_WARN_UNDECLARED_SELECTOR = YES;
				GCC_WARN_UNINITIALIZED_AUTOS = YES_AGGRESSIVE;
				GCC_WARN_UNUSED_FUNCTION = YES;
				GCC_WARN_UNUSED_VARIABLE = YES;
				IPHONEOS_DEPLOYMENT_TARGET = 9.3;
				MTL_ENABLE_DEBUG_INFO = NO;
				SDKROOT = iphoneos;
				TARGETED_DEVICE_FAMILY = "1,2";
				VALIDATE_PRODUCT = YES;
			};
			name = Release;
		};
		653E2E281D5A4B5300BDA228 /* Debug */ = {
			isa = XCBuildConfiguration;
			buildSettings = {
				ASSETCATALOG_COMPILER_APPICON_NAME = AppIcon;
				INFOPLIST_FILE = PokeIV/Info.plist;
				LD_RUNPATH_SEARCH_PATHS = "$(inherited) @executable_path/Frameworks";
				PRODUCT_BUNDLE_IDENTIFIER = com.danieltseng.PokeIV;
				PRODUCT_NAME = "$(TARGET_NAME)";
			};
			name = Debug;
		};
		653E2E291D5A4B5300BDA228 /* Release */ = {
			isa = XCBuildConfiguration;
			buildSettings = {
				ASSETCATALOG_COMPILER_APPICON_NAME = AppIcon;
				INFOPLIST_FILE = PokeIV/Info.plist;
				LD_RUNPATH_SEARCH_PATHS = "$(inherited) @executable_path/Frameworks";
				PRODUCT_BUNDLE_IDENTIFIER = com.danieltseng.PokeIV;
				PRODUCT_NAME = "$(TARGET_NAME)";
			};
			name = Release;
		};
		653E2E2B1D5A4B5300BDA228 /* Debug */ = {
			isa = XCBuildConfiguration;
			buildSettings = {
				BUNDLE_LOADER = "$(TEST_HOST)";
				INFOPLIST_FILE = PokeIVTests/Info.plist;
				LD_RUNPATH_SEARCH_PATHS = "$(inherited) @executable_path/Frameworks @loader_path/Frameworks";
				PRODUCT_BUNDLE_IDENTIFIER = com.danieltseng.PokeIVTests;
				PRODUCT_NAME = "$(TARGET_NAME)";
				TEST_HOST = "$(BUILT_PRODUCTS_DIR)/PokeIV.app/PokeIV";
			};
			name = Debug;
		};
		653E2E2C1D5A4B5300BDA228 /* Release */ = {
			isa = XCBuildConfiguration;
			buildSettings = {
				BUNDLE_LOADER = "$(TEST_HOST)";
				INFOPLIST_FILE = PokeIVTests/Info.plist;
				LD_RUNPATH_SEARCH_PATHS = "$(inherited) @executable_path/Frameworks @loader_path/Frameworks";
				PRODUCT_BUNDLE_IDENTIFIER = com.danieltseng.PokeIVTests;
				PRODUCT_NAME = "$(TARGET_NAME)";
				TEST_HOST = "$(BUILT_PRODUCTS_DIR)/PokeIV.app/PokeIV";
			};
			name = Release;
		};
		653E2E2E1D5A4B5300BDA228 /* Debug */ = {
			isa = XCBuildConfiguration;
			buildSettings = {
				INFOPLIST_FILE = PokeIVUITests/Info.plist;
				LD_RUNPATH_SEARCH_PATHS = "$(inherited) @executable_path/Frameworks @loader_path/Frameworks";
				PRODUCT_BUNDLE_IDENTIFIER = com.danieltseng.PokeIVUITests;
				PRODUCT_NAME = "$(TARGET_NAME)";
				TEST_TARGET_NAME = PokeIV;
			};
			name = Debug;
		};
		653E2E2F1D5A4B5300BDA228 /* Release */ = {
			isa = XCBuildConfiguration;
			buildSettings = {
				INFOPLIST_FILE = PokeIVUITests/Info.plist;
				LD_RUNPATH_SEARCH_PATHS = "$(inherited) @executable_path/Frameworks @loader_path/Frameworks";
				PRODUCT_BUNDLE_IDENTIFIER = com.danieltseng.PokeIVUITests;
				PRODUCT_NAME = "$(TARGET_NAME)";
				TEST_TARGET_NAME = PokeIV;
			};
			name = Release;
		};
/* End XCBuildConfiguration section */

/* Begin XCConfigurationList section */
		653E2DFA1D5A4B5300BDA228 /* Build configuration list for PBXProject "PokeIV" */ = {
			isa = XCConfigurationList;
			buildConfigurations = (
				653E2E251D5A4B5300BDA228 /* Debug */,
				653E2E261D5A4B5300BDA228 /* Release */,
			);
			defaultConfigurationIsVisible = 0;
			defaultConfigurationName = Release;
		};
		653E2E271D5A4B5300BDA228 /* Build configuration list for PBXNativeTarget "PokeIV" */ = {
			isa = XCConfigurationList;
			buildConfigurations = (
				653E2E281D5A4B5300BDA228 /* Debug */,
				653E2E291D5A4B5300BDA228 /* Release */,
			);
			defaultConfigurationIsVisible = 0;
		};
		653E2E2A1D5A4B5300BDA228 /* Build configuration list for PBXNativeTarget "PokeIVTests" */ = {
			isa = XCConfigurationList;
			buildConfigurations = (
				653E2E2B1D5A4B5300BDA228 /* Debug */,
				653E2E2C1D5A4B5300BDA228 /* Release */,
			);
			defaultConfigurationIsVisible = 0;
		};
		653E2E2D1D5A4B5300BDA228 /* Build configuration list for PBXNativeTarget "PokeIVUITests" */ = {
			isa = XCConfigurationList;
			buildConfigurations = (
				653E2E2E1D5A4B5300BDA228 /* Debug */,
				653E2E2F1D5A4B5300BDA228 /* Release */,
			);
			defaultConfigurationIsVisible = 0;
		};
/* End XCConfigurationList section */
	};
	rootObject = 653E2DF71D5A4B5300BDA228 /* Project object */;
}
